{"is_source_file": false, "format": "", "description": "", "external_files": [], "external_methods": [], "published": [], "classes": [], "methods": [], "calls": [], "search-terms": [], "state": 2, "file_id": 92, "knowledge_revision": 284, "git_revision": "01c305e61180ff23b6e77d8bf9e314ae0dd6a2e1", "filename": "/home/kavia/workspace/code-generation/arteclipse-27298-9065a63c/arteclipse/post_process_status.lock", "hash": "e9b4c3b42cef0193b7fddb548d37e652", "format-version": 4, "code-base-name": "default", "revision_history": [{"284": "01c305e61180ff23b6e77d8bf9e314ae0dd6a2e1"}]}